
Microsoft Visual Studio Solution File, Format Version 12.00
# Visual Studio 15
VisualStudioVersion = 15.0.28307.645
MinimumVisualStudioVersion = 10.0.40219.1
Project("{00D1A9C2-B5F0-4AF3-8072-F6C62B433612}") = "VSDb_Git", "VSDb_Git\VSDb_Git.sqlproj", "{94A37EBF-DEA9-41A3-B52B-8D91C7DCD1C9}"
EndProject
Global
	GlobalSection(SolutionConfigurationPlatforms) = preSolution
		Debug|Any CPU = Debug|Any CPU
		Release|Any CPU = Release|Any CPU
	EndGlobalSection
	GlobalSection(ProjectConfigurationPlatforms) = postSolution
		{94A37EBF-DEA9-41A3-B52B-8D91C7DCD1C9}.Debug|Any CPU.ActiveCfg = Debug|Any CPU
		{94A37EBF-DEA9-41A3-B52B-8D91C7DCD1C9}.Debug|Any CPU.Build.0 = Debug|Any CPU
		{94A37EBF-DEA9-41A3-B52B-8D91C7DCD1C9}.Debug|Any CPU.Deploy.0 = Debug|Any CPU
		{94A37EBF-DEA9-41A3-B52B-8D91C7DCD1C9}.Release|Any CPU.ActiveCfg = Release|Any CPU
		{94A37EBF-DEA9-41A3-B52B-8D91C7DCD1C9}.Release|Any CPU.Build.0 = Release|Any CPU
		{94A37EBF-DEA9-41A3-B52B-8D91C7DCD1C9}.Release|Any CPU.Deploy.0 = Release|Any CPU
	EndGlobalSection
	GlobalSection(SolutionProperties) = preSolution
		HideSolutionNode = FALSE
	EndGlobalSection
	GlobalSection(ExtensibilityGlobals) = postSolution
		SolutionGuid = {860188C0-4F46-4DF3-A0B2-4ABA37455345}
	EndGlobalSection
EndGlobal
